
Microsoft Visual Studio Solution File, Format Version 12.00
# Visual Studio Version 16
VisualStudioVersion = 16.0.32228.343
MinimumVisualStudioVersion = 10.0.40219.1
Project("{9A19103F-16F7-4668-BE54-9A1E7A4F7556}") = "MassSpringDamperModel", "MassSpringDamper\MassSpringDamperModel.csproj", "{45AC1DCC-B615-4F7C-A9FF-D2FD0BAF94DA}"
EndProject
Project("{FAE04EC0-301F-11D3-BF4B-00C04F79EFBC}") = "ModelVisualaizer", "ModelVisualaizer\ModelVisualaizer.csproj", "{BADA080A-1C33-4D92-B6BA-05E464A51CB8}"
EndProject
Global
	GlobalSection(SolutionConfigurationPlatforms) = preSolution
		Debug|Any CPU = Debug|Any CPU
		Release|Any CPU = Release|Any CPU
	EndGlobalSection
	GlobalSection(ProjectConfigurationPlatforms) = postSolution
		{45AC1DCC-B615-4F7C-A9FF-D2FD0BAF94DA}.Debug|Any CPU.ActiveCfg = Debug|Any CPU
		{45AC1DCC-B615-4F7C-A9FF-D2FD0BAF94DA}.Debug|Any CPU.Build.0 = Debug|Any CPU
		{45AC1DCC-B615-4F7C-A9FF-D2FD0BAF94DA}.Release|Any CPU.ActiveCfg = Release|Any CPU
		{45AC1DCC-B615-4F7C-A9FF-D2FD0BAF94DA}.Release|Any CPU.Build.0 = Release|Any CPU
		{BADA080A-1C33-4D92-B6BA-05E464A51CB8}.Debug|Any CPU.ActiveCfg = Debug|Any CPU
		{BADA080A-1C33-4D92-B6BA-05E464A51CB8}.Debug|Any CPU.Build.0 = Debug|Any CPU
		{BADA080A-1C33-4D92-B6BA-05E464A51CB8}.Release|Any CPU.ActiveCfg = Release|Any CPU
		{BADA080A-1C33-4D92-B6BA-05E464A51CB8}.Release|Any CPU.Build.0 = Release|Any CPU
	EndGlobalSection
	GlobalSection(SolutionProperties) = preSolution
		HideSolutionNode = FALSE
	EndGlobalSection
	GlobalSection(ExtensibilityGlobals) = postSolution
		SolutionGuid = {E2FBDF55-D3F8-411C-9F86-72BF9C3F9699}
	EndGlobalSection
EndGlobal
